lockfileVersion: 5.3

specifiers:
  '@types/express': ^4.17.13
  chalk: ^4.1.2
  chokidar: ^2.1.8
  express: ^4.17.1
  http-proxy-middleware: ^2.0.1
  typescript: ^4.5.2

dependencies:
  chalk: 4.1.2
  chokidar: 2.1.8
  http-proxy-middleware: 2.0.1

devDependencies:
  '@types/express': 4.17.13
  express: 4.17.2
  typescript: 4.5.4

packages:

  /@types/body-parser/1.19.2:
    resolution: {integrity: sha512-ALYone6pm6QmwZoAgeyNksccT9Q4AWZQ6PvfwR37GT6r6FWUPguq6sUmNGSMV2Wr761oQoBxwGGa6DR5o1DC9g==, tarball: '@types/body-parser/download/@types/body-parser-1.19.2.tgz?cache=0&sync_timestamp=1637418212864&other_urls=https%3A%2F%2Fregistry.npmmirror.com%2F%40types%2Fbody-parser%2Fdownload%2F%40types%2Fbody-parser-1.19.2.tgz'}
    dependencies:
      '@types/connect': 3.4.35
      '@types/node': 17.0.2
    dev: true

  /@types/connect/3.4.35:
    resolution: {integrity: sha1-X89q5EXkAh0fwiGaSHPMc6O7KtE=, tarball: '@types/connect/download/@types/connect-3.4.35.tgz?cache=0&sync_timestamp=1637418210185&other_urls=https%3A%2F%2Fregistry.npmmirror.com%2F%40types%2Fconnect%2Fdownload%2F%40types%2Fconnect-3.4.35.tgz'}
    dependencies:
      '@types/node': 17.0.2
    dev: true

  /@types/express-serve-static-core/4.17.26:
    resolution: {integrity: sha512-zeu3tpouA043RHxW0gzRxwCHchMgftE8GArRsvYT0ByDMbn19olQHx5jLue0LxWY6iYtXb7rXmuVtSkhy9YZvQ==, tarball: '@types/express-serve-static-core/download/@types/express-serve-static-core-4.17.26.tgz'}
    dependencies:
      '@types/node': 17.0.2
      '@types/qs': 6.9.7
      '@types/range-parser': 1.2.4
    dev: true

  /@types/express/4.17.13:
    resolution: {integrity: sha1-p24plXKJmbq1GjP6vOHXBaNwkDQ=, tarball: '@types/express/download/@types/express-4.17.13.tgz?cache=0&sync_timestamp=1637417833867&other_urls=https%3A%2F%2Fregistry.npmmirror.com%2F%40types%2Fexpress%2Fdownload%2F%40types%2Fexpress-4.17.13.tgz'}
    dependencies:
      '@types/body-parser': 1.19.2
      '@types/express-serve-static-core': 4.17.26
      '@types/qs': 6.9.7
      '@types/serve-static': 1.13.10
    dev: true

  /@types/http-proxy/1.17.8:
    resolution: {integrity: sha512-5kPLG5BKpWYkw/LVOGWpiq3nEVqxiN32rTgI53Sk12/xHFQ2rG3ehI9IO+O3W2QoKeyB92dJkoka8SUm6BX1pA==, tarball: '@types/http-proxy/download/@types/http-proxy-1.17.8.tgz'}
    dependencies:
      '@types/node': 17.0.2
    dev: false

  /@types/mime/1.3.2:
    resolution: {integrity: sha1-k+Jb+e51/g/YC1lLxP6w6GIRG1o=, tarball: '@types/mime/download/@types/mime-1.3.2.tgz?cache=0&sync_timestamp=1637418216809&other_urls=https%3A%2F%2Fregistry.npmmirror.com%2F%40types%2Fmime%2Fdownload%2F%40types%2Fmime-1.3.2.tgz'}
    dev: true

  /@types/node/17.0.2:
    resolution: {integrity: sha512-JepeIUPFDARgIs0zD/SKPgFsJEAF0X5/qO80llx59gOxFTboS9Amv3S+QfB7lqBId5sFXJ99BN0J6zFRvL9dDA==, tarball: '@types/node/download/@types/node-17.0.2.tgz'}

  /@types/qs/6.9.7:
    resolution: {integrity: sha1-Y7t9Bn2xB8weRXwwO8JdUR/r9ss=, tarball: '@types/qs/download/@types/qs-6.9.7.tgz?cache=0&sync_timestamp=1637418218293&other_urls=https%3A%2F%2Fregistry.npmmirror.com%2F%40types%2Fqs%2Fdownload%2F%40types%2Fqs-6.9.7.tgz'}
    dev: true

  /@types/range-parser/1.2.4:
    resolution: {integrity: sha1-zWZ7z90CUhOq+3ylkVqTJZCs3Nw=, tarball: '@types/range-parser/download/@types/range-parser-1.2.4.tgz?cache=0&sync_timestamp=1637418218501&other_urls=https%3A%2F%2Fregistry.npmmirror.com%2F%40types%2Frange-parser%2Fdownload%2F%40types%2Frange-parser-1.2.4.tgz'}
    dev: true

  /@types/serve-static/1.13.10:
    resolution: {integrity: sha1-9eDOh5fS18xevtpIpSyWxPpHqNk=, tarball: '@types/serve-static/download/@types/serve-static-1.13.10.tgz?cache=0&sync_timestamp=1637418222880&other_urls=https%3A%2F%2Fregistry.npmmirror.com%2F%40types%2Fserve-static%2Fdownload%2F%40types%2Fserve-static-1.13.10.tgz'}
    dependencies:
      '@types/mime': 1.3.2
      '@types/node': 17.0.2
    dev: true

  /accepts/1.3.7:
    resolution: {integrity: sha1-UxvHJlF6OytB+FACHGzBXqq1B80=, tarball: accepts/download/accepts-1.3.7.tgz?cache=0&sync_timestamp=1632822722930&other_urls=https%3A%2F%2Fregistry.npmmirror.com%2Faccepts%2Fdownload%2Faccepts-1.3.7.tgz}
    engines: {node: '>= 0.6'}
    dependencies:
      mime-types: 2.1.34
      negotiator: 0.6.2
    dev: true

  /ansi-styles/4.3.0:
    resolution: {integrity: sha1-7dgDYornHATIWuegkG7a00tkiTc=, tarball: ansi-styles/download/ansi-styles-4.3.0.tgz}
    engines: {node: '>=8'}
    dependencies:
      color-convert: 2.0.1
    dev: false

  /anymatch/2.0.0:
    resolution: {integrity: sha1-vLJLTzeTTZqnrBe0ra+J58du8us=, tarball: anymatch/download/anymatch-2.0.0.tgz}
    dependencies:
      micromatch: 3.1.10
      normalize-path: 2.1.1
    dev: false

  /arr-diff/4.0.0:
    resolution: {integrity: sha1-1kYQdP6/7HHn4VI1dhoyml3HxSA=, tarball: arr-diff/download/arr-diff-4.0.0.tgz}
    engines: {node: '>=0.10.0'}
    dev: false

  /arr-flatten/1.1.0:
    resolution: {integrity: sha1-NgSLv/TntH4TZkQxbJlmnqWukfE=, tarball: arr-flatten/download/arr-flatten-1.1.0.tgz}
    engines: {node: '>=0.10.0'}
    dev: false

  /arr-union/3.1.0:
    resolution: {integrity: sha1-45sJrqne+Gao8gbiiK9jkZuuOcQ=, tarball: arr-union/download/arr-union-3.1.0.tgz}
    engines: {node: '>=0.10.0'}
    dev: false

  /array-flatten/1.1.1:
    resolution: {integrity: sha1-ml9pkFGx5wczKPKgCJaLZOopVdI=, tarball: array-flatten/download/array-flatten-1.1.1.tgz}
    dev: true

  /array-unique/0.3.2:
    resolution: {integrity: sha1-qJS3XUvE9s1nnvMkSp/Y9Gri1Cg=, tarball: array-unique/download/array-unique-0.3.2.tgz}
    engines: {node: '>=0.10.0'}
    dev: false

  /assign-symbols/1.0.0:
    resolution: {integrity: sha1-WWZ/QfrdTyDMvCu5a41Pf3jsA2c=, tarball: assign-symbols/download/assign-symbols-1.0.0.tgz}
    engines: {node: '>=0.10.0'}
    dev: false

  /async-each/1.0.3:
    resolution: {integrity: sha1-tyfb+H12UWAvBvTUrDh/R9kbDL8=, tarball: async-each/download/async-each-1.0.3.tgz}
    dev: false

  /atob/2.1.2:
    resolution: {integrity: sha1-bZUX654DDSQ2ZmZR6GvZ9vE1M8k=, tarball: atob/download/atob-2.1.2.tgz}
    engines: {node: '>= 4.5.0'}
    hasBin: true
    dev: false

  /base/0.11.2:
    resolution: {integrity: sha1-e95c7RRbbVUakNuH+DxVi060io8=, tarball: base/download/base-0.11.2.tgz}
    engines: {node: '>=0.10.0'}
    dependencies:
      cache-base: 1.0.1
      class-utils: 0.3.6
      component-emitter: 1.3.0
      define-property: 1.0.0
      isobject: 3.0.1
      mixin-deep: 1.3.2
      pascalcase: 0.1.1
    dev: false

  /binary-extensions/1.13.1:
    resolution: {integrity: sha1-WYr+VHVbKGilMw0q/51Ou1Mgm2U=, tarball: binary-extensions/download/binary-extensions-1.13.1.tgz}
    engines: {node: '>=0.10.0'}
    dev: false

  /bindings/1.5.0:
    resolution: {integrity: sha1-EDU8npRTNLwFEabZCzj7x8nFBN8=, tarball: bindings/download/bindings-1.5.0.tgz}
    requiresBuild: true
    dependencies:
      file-uri-to-path: 1.0.0
    dev: false
    optional: true

  /body-parser/1.19.1:
    resolution: {integrity: sha512-8ljfQi5eBk8EJfECMrgqNGWPEY5jWP+1IzkzkGdFFEwFQZZyaZ21UqdaHktgiMlH0xLHqIFtE/u2OYE5dOtViA==, tarball: body-parser/download/body-parser-1.19.1.tgz}
    engines: {node: '>= 0.8'}
    dependencies:
      bytes: 3.1.1
      content-type: 1.0.4
      debug: 2.6.9
      depd: 1.1.2
      http-errors: 1.8.1
      iconv-lite: 0.4.24
      on-finished: 2.3.0
      qs: 6.9.6
      raw-body: 2.4.2
      type-is: 1.6.18
    dev: true

  /braces/2.3.2:
    resolution: {integrity: sha1-WXn9PxTNUxVl5fot8av/8d+u5yk=, tarball: braces/download/braces-2.3.2.tgz}
    engines: {node: '>=0.10.0'}
    dependencies:
      arr-flatten: 1.1.0
      array-unique: 0.3.2
      extend-shallow: 2.0.1
      fill-range: 4.0.0
      isobject: 3.0.1
      repeat-element: 1.1.4
      snapdragon: 0.8.2
      snapdragon-node: 2.1.1
      split-string: 3.1.0
      to-regex: 3.0.2
    dev: false

  /braces/3.0.2:
    resolution: {integrity: sha1-NFThpGLujVmeI23zNs2epPiv4Qc=, tarball: braces/download/braces-3.0.2.tgz}
    engines: {node: '>=8'}
    dependencies:
      fill-range: 7.0.1
    dev: false

  /bytes/3.1.1:
    resolution: {integrity: sha512-dWe4nWO/ruEOY7HkUJ5gFt1DCFV9zPRoJr8pV0/ASQermOZjtq8jMjOprC0Kd10GLN+l7xaUPvxzJFWtxGu8Fg==, tarball: bytes/download/bytes-3.1.1.tgz}
    engines: {node: '>= 0.8'}
    dev: true

  /cache-base/1.0.1:
    resolution: {integrity: sha1-Cn9GQWgxyLZi7jb+TnxZ129marI=, tarball: cache-base/download/cache-base-1.0.1.tgz}
    engines: {node: '>=0.10.0'}
    dependencies:
      collection-visit: 1.0.0
      component-emitter: 1.3.0
      get-value: 2.0.6
      has-value: 1.0.0
      isobject: 3.0.1
      set-value: 2.0.1
      to-object-path: 0.3.0
      union-value: 1.0.1
      unset-value: 1.0.0
    dev: false

  /chalk/4.1.2:
    resolution: {integrity: sha1-qsTit3NKdAhnrrFr8CqtVWoeegE=, tarball: chalk/download/chalk-4.1.2.tgz}
    engines: {node: '>=10'}
    dependencies:
      ansi-styles: 4.3.0
      supports-color: 7.2.0
    dev: false

  /chokidar/2.1.8:
    resolution: {integrity: sha1-gEs6e2qZNYw8XGHnHYco8EHP+Rc=, tarball: chokidar/download/chokidar-2.1.8.tgz}
    deprecated: Chokidar 2 will break on node v14+. Upgrade to chokidar 3 with 15x less dependencies.
    dependencies:
      anymatch: 2.0.0
      async-each: 1.0.3
      braces: 2.3.2
      glob-parent: 3.1.0
      inherits: 2.0.4
      is-binary-path: 1.0.1
      is-glob: 4.0.3
      normalize-path: 3.0.0
      path-is-absolute: 1.0.1
      readdirp: 2.2.1
      upath: 1.2.0
    optionalDependencies:
      fsevents: 1.2.13
    dev: false

  /class-utils/0.3.6:
    resolution: {integrity: sha1-+TNprouafOAv1B+q0MqDAzGQxGM=, tarball: class-utils/download/class-utils-0.3.6.tgz}
    engines: {node: '>=0.10.0'}
    dependencies:
      arr-union: 3.1.0
      define-property: 0.2.5
      isobject: 3.0.1
      static-extend: 0.1.2
    dev: false

  /collection-visit/1.0.0:
    resolution: {integrity: sha1-S8A3PBZLwykbTTaMgpzxqApZ3KA=, tarball: collection-visit/download/collection-visit-1.0.0.tgz}
    engines: {node: '>=0.10.0'}
    dependencies:
      map-visit: 1.0.0
      object-visit: 1.0.1
    dev: false

  /color-convert/2.0.1:
    resolution: {integrity: sha1-ctOmjVmMm9s68q0ehPIdiWq9TeM=, tarball: color-convert/download/color-convert-2.0.1.tgz}
    engines: {node: '>=7.0.0'}
    dependencies:
      color-name: 1.1.4
    dev: false

  /color-name/1.1.4:
    resolution: {integrity: sha1-wqCah6y95pVD3m9j+jmVyCbFNqI=, tarball: color-name/download/color-name-1.1.4.tgz}
    dev: false

  /component-emitter/1.3.0:
    resolution: {integrity: sha1-FuQHD7qK4ptnnyIVhT7hgasuq8A=, tarball: component-emitter/download/component-emitter-1.3.0.tgz}
    dev: false

  /content-disposition/0.5.4:
    resolution: {integrity: sha512-FveZTNuGw04cxlAiWbzi6zTAL/lhehaWbTtgluJh4/E95DqMwTmha3KZN1aAWA8cFIhHzMZUvLevkw5Rqk+tSQ==, tarball: content-disposition/download/content-disposition-0.5.4.tgz}
    engines: {node: '>= 0.6'}
    dependencies:
      safe-buffer: 5.2.1
    dev: true

  /content-type/1.0.4:
    resolution: {integrity: sha1-4TjMdeBAxyexlm/l5fjJruJW/js=, tarball: content-type/download/content-type-1.0.4.tgz?cache=0&sync_timestamp=1632822723139&other_urls=https%3A%2F%2Fregistry.npmmirror.com%2Fcontent-type%2Fdownload%2Fcontent-type-1.0.4.tgz}
    engines: {node: '>= 0.6'}
    dev: true

  /cookie-signature/1.0.6:
    resolution: {integrity: sha1-4wOogrNCzD7oylE6eZmXNNqzriw=, tarball: cookie-signature/download/cookie-signature-1.0.6.tgz}
    dev: true

  /cookie/0.4.1:
    resolution: {integrity: sha1-r9cT/ibr0hupXOth+agRblClN9E=, tarball: cookie/download/cookie-0.4.1.tgz}
    engines: {node: '>= 0.6'}
    dev: true

  /copy-descriptor/0.1.1:
    resolution: {integrity: sha1-Z29us8OZl8LuGsOpJP1hJHSPV40=, tarball: copy-descriptor/download/copy-descriptor-0.1.1.tgz}
    engines: {node: '>=0.10.0'}
    dev: false

  /core-util-is/1.0.3:
    resolution: {integrity: sha1-pgQtNjTCsn6TKPg3uWX6yDgI24U=, tarball: core-util-is/download/core-util-is-1.0.3.tgz}
    dev: false

  /debug/2.6.9:
    resolution: {integrity: sha512-bC7ElrdJaJnPbAP+1EotYvqZsb3ecl5wi6Bfi6BJTUcNowp6cvspg0jXznRTKDjm/E7AdgFBVeAPVMNcKGsHMA==, tarball: debug/download/debug-2.6.9.tgz}
    dependencies:
      ms: 2.0.0

  /decode-uri-component/0.2.0:
    resolution: {integrity: sha1-6zkTMzRYd1y4TNGh+uBiEGu4dUU=, tarball: decode-uri-component/download/decode-uri-component-0.2.0.tgz}
    engines: {node: '>=0.10'}
    dev: false

  /define-property/0.2.5:
    resolution: {integrity: sha1-w1se+RjsPJkPmlvFe+BKrOxcgRY=, tarball: define-property/download/define-property-0.2.5.tgz}
    engines: {node: '>=0.10.0'}
    dependencies:
      is-descriptor: 0.1.6
    dev: false

  /define-property/1.0.0:
    resolution: {integrity: sha1-dp66rz9KY6rTr56NMEybvnm/sOY=, tarball: define-property/download/define-property-1.0.0.tgz}
    engines: {node: '>=0.10.0'}
    dependencies:
      is-descriptor: 1.0.2
    dev: false

  /define-property/2.0.2:
    resolution: {integrity: sha1-1Flono1lS6d+AqgX+HENcCyxbp0=, tarball: define-property/download/define-property-2.0.2.tgz}
    engines: {node: '>=0.10.0'}
    dependencies:
      is-descriptor: 1.0.2
      isobject: 3.0.1
    dev: false

  /depd/1.1.2:
    resolution: {integrity: sha1-m81S4UwJd2PnSbJ0xDRu0uVgtak=, tarball: depd/download/depd-1.1.2.tgz}
    engines: {node: '>= 0.6'}
    dev: true

  /destroy/1.0.4:
    resolution: {integrity: sha1-l4hXRCxEdJ5CBmE+N5RiBYJqvYA=, tarball: destroy/download/destroy-1.0.4.tgz}
    dev: true

  /ee-first/1.1.1:
    resolution: {integrity: sha1-WQxhFWsK4vTwJVcyoViyZrxWsh0=, tarball: ee-first/download/ee-first-1.1.1.tgz}
    dev: true

  /encodeurl/1.0.2:
    resolution: {integrity: sha1-rT/0yG7C0CkyL1oCw6mmBslbP1k=, tarball: encodeurl/download/encodeurl-1.0.2.tgz}
    engines: {node: '>= 0.8'}
    dev: true

  /escape-html/1.0.3:
    resolution: {integrity: sha1-Aljq5NPQwJdN4cFpGI7wBR0dGYg=, tarball: escape-html/download/escape-html-1.0.3.tgz}
    dev: true

  /etag/1.8.1:
    resolution: {integrity: sha1-Qa4u62XvpiJorr/qg6x9eSmbCIc=, tarball: etag/download/etag-1.8.1.tgz}
    engines: {node: '>= 0.6'}
    dev: true

  /eventemitter3/4.0.7:
    resolution: {integrity: sha1-Lem2j2Uo1WRO9cWVJqG0oHMGFp8=, tarball: eventemitter3/download/eventemitter3-4.0.7.tgz}
    dev: false

  /expand-brackets/2.1.4:
    resolution: {integrity: sha1-t3c14xXOMPa27/D4OwQVGiJEliI=, tarball: expand-brackets/download/expand-brackets-2.1.4.tgz}
    engines: {node: '>=0.10.0'}
    dependencies:
      debug: 2.6.9
      define-property: 0.2.5
      extend-shallow: 2.0.1
      posix-character-classes: 0.1.1
      regex-not: 1.0.2
      snapdragon: 0.8.2
      to-regex: 3.0.2
    dev: false

  /express/4.17.2:
    resolution: {integrity: sha512-oxlxJxcQlYwqPWKVJJtvQiwHgosH/LrLSPA+H4UxpyvSS6jC5aH+5MoHFM+KABgTOt0APue4w66Ha8jCUo9QGg==, tarball: express/download/express-4.17.2.tgz}
    engines: {node: '>= 0.10.0'}
    dependencies:
      accepts: 1.3.7
      array-flatten: 1.1.1
      body-parser: 1.19.1
      content-disposition: 0.5.4
      content-type: 1.0.4
      cookie: 0.4.1
      cookie-signature: 1.0.6
      debug: 2.6.9
      depd: 1.1.2
      encodeurl: 1.0.2
      escape-html: 1.0.3
      etag: 1.8.1
      finalhandler: 1.1.2
      fresh: 0.5.2
      merge-descriptors: 1.0.1
      methods: 1.1.2
      on-finished: 2.3.0
      parseurl: 1.3.3
      path-to-regexp: 0.1.7
      proxy-addr: 2.0.7
      qs: 6.9.6
      range-parser: 1.2.1
      safe-buffer: 5.2.1
      send: 0.17.2
      serve-static: 1.14.2
      setprototypeof: 1.2.0
      statuses: 1.5.0
      type-is: 1.6.18
      utils-merge: 1.0.1
      vary: 1.1.2
    dev: true

  /extend-shallow/2.0.1:
    resolution: {integrity: sha1-Ua99YUrZqfYQ6huvu5idaxxWiQ8=, tarball: extend-shallow/download/extend-shallow-2.0.1.tgz}
    engines: {node: '>=0.10.0'}
    dependencies:
      is-extendable: 0.1.1
    dev: false

  /extend-shallow/3.0.2:
    resolution: {integrity: sha1-Jqcarwc7OfshJxcnRhMcJwQCjbg=, tarball: extend-shallow/download/extend-shallow-3.0.2.tgz}
    engines: {node: '>=0.10.0'}
    dependencies:
      assign-symbols: 1.0.0
      is-extendable: 1.0.1
    dev: false

  /extglob/2.0.4:
    resolution: {integrity: sha1-rQD+TcYSqSMuhxhxHcXLWrAoVUM=, tarball: extglob/download/extglob-2.0.4.tgz}
    engines: {node: '>=0.10.0'}
    dependencies:
      array-unique: 0.3.2
      define-property: 1.0.0
      expand-brackets: 2.1.4
      extend-shallow: 2.0.1
      fragment-cache: 0.2.1
      regex-not: 1.0.2
      snapdragon: 0.8.2
      to-regex: 3.0.2
    dev: false

  /file-uri-to-path/1.0.0:
    resolution: {integrity: sha1-VTp7hEb/b2hDWcRF8eN6BdrMM90=, tarball: file-uri-to-path/download/file-uri-to-path-1.0.0.tgz}
    requiresBuild: true
    dev: false
    optional: true

  /fill-range/4.0.0:
    resolution: {integrity: sha1-1USBHUKPmOsGpj3EAtJAPDKMOPc=, tarball: fill-range/download/fill-range-4.0.0.tgz}
    engines: {node: '>=0.10.0'}
    dependencies:
      extend-shallow: 2.0.1
      is-number: 3.0.0
      repeat-string: 1.6.1
      to-regex-range: 2.1.1
    dev: false

  /fill-range/7.0.1:
    resolution: {integrity: sha1-GRmmp8df44ssfHflGYU12prN2kA=, tarball: fill-range/download/fill-range-7.0.1.tgz}
    engines: {node: '>=8'}
    dependencies:
      to-regex-range: 5.0.1
    dev: false

  /finalhandler/1.1.2:
    resolution: {integrity: sha1-t+fQAP/RGTjQ/bBTUG9uur6fWH0=, tarball: finalhandler/download/finalhandler-1.1.2.tgz}
    engines: {node: '>= 0.8'}
    dependencies:
      debug: 2.6.9
      encodeurl: 1.0.2
      escape-html: 1.0.3
      on-finished: 2.3.0
      parseurl: 1.3.3
      statuses: 1.5.0
      unpipe: 1.0.0
    dev: true

  /follow-redirects/1.14.6:
    resolution: {integrity: sha512-fhUl5EwSJbbl8AR+uYL2KQDxLkdSjZGR36xy46AO7cOMTrCMON6Sa28FmAnC2tRTDbd/Uuzz3aJBv7EBN7JH8A==, tarball: follow-redirects/download/follow-redirects-1.14.6.tgz}
    engines: {node: '>=4.0'}
    peerDependencies:
      debug: '*'
    peerDependenciesMeta:
      debug:
        optional: true
    dev: false

  /for-in/1.0.2:
    resolution: {integrity: sha1-gQaNKVqBQuwKxybG4iAMMPttXoA=, tarball: for-in/download/for-in-1.0.2.tgz}
    engines: {node: '>=0.10.0'}
    dev: false

  /forwarded/0.2.0:
    resolution: {integrity: sha1-ImmTZCiq1MFcfr6XeahL8LKoGBE=, tarball: forwarded/download/forwarded-0.2.0.tgz}
    engines: {node: '>= 0.6'}
    dev: true

  /fragment-cache/0.2.1:
    resolution: {integrity: sha1-QpD60n8T6Jvn8zeZxrxaCr//DRk=, tarball: fragment-cache/download/fragment-cache-0.2.1.tgz}
    engines: {node: '>=0.10.0'}
    dependencies:
      map-cache: 0.2.2
    dev: false

  /fresh/0.5.2:
    resolution: {integrity: sha1-PYyt2Q2XZWn6g1qx+OSyOhBWBac=, tarball: fresh/download/fresh-0.5.2.tgz?cache=0&sync_timestamp=1633501772403&other_urls=https%3A%2F%2Fregistry.npmmirror.com%2Ffresh%2Fdownload%2Ffresh-0.5.2.tgz}
    engines: {node: '>= 0.6'}
    dev: true

  /fsevents/1.2.13:
    resolution: {integrity: sha1-8yXLBFVZJCi88Rs4M3DvcOO/zDg=, tarball: fsevents/download/fsevents-1.2.13.tgz}
    engines: {node: '>= 4.0'}
    os: [darwin]
    deprecated: fsevents 1 will break on node v14+ and could be using insecure binaries. Upgrade to fsevents 2.
    requiresBuild: true
    dependencies:
      bindings: 1.5.0
      nan: 2.15.0
    dev: false
    optional: true

  /get-value/2.0.6:
    resolution: {integrity: sha1-3BXKHGcjh8p2vTesCjlbogQqLCg=, tarball: get-value/download/get-value-2.0.6.tgz}
    engines: {node: '>=0.10.0'}
    dev: false

  /glob-parent/3.1.0:
    resolution: {integrity: sha1-nmr2KZ2NO9K9QEMIMr0RPfkGxa4=, tarball: glob-parent/download/glob-parent-3.1.0.tgz}
    dependencies:
      is-glob: 3.1.0
      path-dirname: 1.0.2
    dev: false

  /graceful-fs/4.2.8:
    resolution: {integrity: sha1-5BK40z9eAGWTy9PO5t+fLOu+gCo=, tarball: graceful-fs/download/graceful-fs-4.2.8.tgz}
    dev: false

  /has-flag/4.0.0:
    resolution: {integrity: sha1-lEdx/ZyByBJlxNaUGGDaBrtZR5s=, tarball: has-flag/download/has-flag-4.0.0.tgz}
    engines: {node: '>=8'}
    dev: false

  /has-value/0.3.1:
    resolution: {integrity: sha1-ex9YutpiyoJ+wKIHgCVlSEWZXh8=, tarball: has-value/download/has-value-0.3.1.tgz}
    engines: {node: '>=0.10.0'}
    dependencies:
      get-value: 2.0.6
      has-values: 0.1.4
      isobject: 2.1.0
    dev: false

  /has-value/1.0.0:
    resolution: {integrity: sha1-GLKB2lhbHFxR3vJMkw7SmgvmsXc=, tarball: has-value/download/has-value-1.0.0.tgz}
    engines: {node: '>=0.10.0'}
    dependencies:
      get-value: 2.0.6
      has-values: 1.0.0
      isobject: 3.0.1
    dev: false

  /has-values/0.1.4:
    resolution: {integrity: sha1-bWHeldkd/Km5oCCJrThL/49it3E=, tarball: has-values/download/has-values-0.1.4.tgz}
    engines: {node: '>=0.10.0'}
    dev: false

  /has-values/1.0.0:
    resolution: {integrity: sha1-lbC2P+whRmGab+V/51Yo1aOe/k8=, tarball: has-values/download/has-values-1.0.0.tgz}
    engines: {node: '>=0.10.0'}
    dependencies:
      is-number: 3.0.0
      kind-of: 4.0.0
    dev: false

  /http-errors/1.8.1:
    resolution: {integrity: sha512-Kpk9Sm7NmI+RHhnj6OIWDI1d6fIoFAtFt9RLaTMRlg/8w49juAStsrBgp0Dp4OdxdVbRIeKhtCUvoi/RuAhO4g==, tarball: http-errors/download/http-errors-1.8.1.tgz}
    engines: {node: '>= 0.6'}
    dependencies:
      depd: 1.1.2
      inherits: 2.0.4
      setprototypeof: 1.2.0
      statuses: 1.5.0
      toidentifier: 1.0.1
    dev: true

  /http-proxy-middleware/2.0.1:
    resolution: {integrity: sha1-fvNBekeft2ZqVx4Jlmxmo5vSwV8=, tarball: http-proxy-middleware/download/http-proxy-middleware-2.0.1.tgz}
    engines: {node: '>=12.0.0'}
    dependencies:
      '@types/http-proxy': 1.17.8
      http-proxy: 1.18.1
      is-glob: 4.0.3
      is-plain-obj: 3.0.0
      micromatch: 4.0.4
    transitivePeerDependencies:
      - debug
    dev: false

  /http-proxy/1.18.1:
    resolution: {integrity: sha1-QBVB8FNIhLv5UmAzTnL4juOXZUk=, tarball: http-proxy/download/http-proxy-1.18.1.tgz}
    engines: {node: '>=8.0.0'}
    dependencies:
      eventemitter3: 4.0.7
      follow-redirects: 1.14.6
      requires-port: 1.0.0
    transitivePeerDependencies:
      - debug
    dev: false

  /iconv-lite/0.4.24:
    resolution: {integrity: sha1-ICK0sl+93CHS9SSXSkdKr+czkIs=, tarball: iconv-lite/download/iconv-lite-0.4.24.tgz}
    engines: {node: '>=0.10.0'}
    dependencies:
      safer-buffer: 2.1.2
    dev: true

  /inherits/2.0.4:
    resolution: {integrity: sha1-D6LGT5MpF8NDOg3tVTY6rjdBa3w=, tarball: inherits/download/inherits-2.0.4.tgz}

  /ipaddr.js/1.9.1:
    resolution: {integrity: sha1-v/OFQ+64mEglB5/zoqjmy9RngbM=, tarball: ipaddr.js/download/ipaddr.js-1.9.1.tgz}
    engines: {node: '>= 0.10'}
    dev: true

  /is-accessor-descriptor/0.1.6:
    resolution: {integrity: sha1-qeEss66Nh2cn7u84Q/igiXtcmNY=, tarball: is-accessor-descriptor/download/is-accessor-descriptor-0.1.6.tgz}
    engines: {node: '>=0.10.0'}
    dependencies:
      kind-of: 3.2.2
    dev: false

  /is-accessor-descriptor/1.0.0:
    resolution: {integrity: sha1-FpwvbT3x+ZJhgHI2XJsOofaHhlY=, tarball: is-accessor-descriptor/download/is-accessor-descriptor-1.0.0.tgz}
    engines: {node: '>=0.10.0'}
    dependencies:
      kind-of: 6.0.3
    dev: false

  /is-binary-path/1.0.1:
    resolution: {integrity: sha1-dfFmQrSA8YenEcgUFh/TpKdlWJg=, tarball: is-binary-path/download/is-binary-path-1.0.1.tgz}
    engines: {node: '>=0.10.0'}
    dependencies:
      binary-extensions: 1.13.1
    dev: false

  /is-buffer/1.1.6:
    resolution: {integrity: sha1-76ouqdqg16suoTqXsritUf776L4=, tarball: is-buffer/download/is-buffer-1.1.6.tgz}
    dev: false

  /is-data-descriptor/0.1.4:
    resolution: {integrity: sha1-C17mSDiOLIYCgueT8YVv7D8wG1Y=, tarball: is-data-descriptor/download/is-data-descriptor-0.1.4.tgz}
    engines: {node: '>=0.10.0'}
    dependencies:
      kind-of: 3.2.2
    dev: false

  /is-data-descriptor/1.0.0:
    resolution: {integrity: sha1-2Eh2Mh0Oet0DmQQGq7u9NrqSaMc=, tarball: is-data-descriptor/download/is-data-descriptor-1.0.0.tgz}
    engines: {node: '>=0.10.0'}
    dependencies:
      kind-of: 6.0.3
    dev: false

  /is-descriptor/0.1.6:
    resolution: {integrity: sha1-Nm2CQN3kh8pRgjsaufB6EKeCUco=, tarball: is-descriptor/download/is-descriptor-0.1.6.tgz}
    engines: {node: '>=0.10.0'}
    dependencies:
      is-accessor-descriptor: 0.1.6
      is-data-descriptor: 0.1.4
      kind-of: 5.1.0
    dev: false

  /is-descriptor/1.0.2:
    resolution: {integrity: sha1-OxWXRqZmBLBPjIFSS6NlxfFNhuw=, tarball: is-descriptor/download/is-descriptor-1.0.2.tgz}
    engines: {node: '>=0.10.0'}
    dependencies:
      is-accessor-descriptor: 1.0.0
      is-data-descriptor: 1.0.0
      kind-of: 6.0.3
    dev: false

  /is-extendable/0.1.1:
    resolution: {integrity: sha1-YrEQ4omkcUGOPsNqYX1HLjAd/Ik=, tarball: is-extendable/download/is-extendable-0.1.1.tgz}
    engines: {node: '>=0.10.0'}
    dev: false

  /is-extendable/1.0.1:
    resolution: {integrity: sha1-p0cPnkJnM9gb2B4RVSZOOjUHyrQ=, tarball: is-extendable/download/is-extendable-1.0.1.tgz}
    engines: {node: '>=0.10.0'}
    dependencies:
      is-plain-object: 2.0.4
    dev: false

  /is-extglob/2.1.1:
    resolution: {integrity: sha1-qIwCU1eR8C7TfHahueqXc8gz+MI=, tarball: is-extglob/download/is-extglob-2.1.1.tgz}
    engines: {node: '>=0.10.0'}
    dev: false

  /is-glob/3.1.0:
    resolution: {integrity: sha1-e6WuJCF4BKxwcHuWkiVnSGzD6Eo=, tarball: is-glob/download/is-glob-3.1.0.tgz?cache=0&sync_timestamp=1633171258871&other_urls=https%3A%2F%2Fregistry.npmmirror.com%2Fis-glob%2Fdownload%2Fis-glob-3.1.0.tgz}
    engines: {node: '>=0.10.0'}
    dependencies:
      is-extglob: 2.1.1
    dev: false

  /is-glob/4.0.3:
    resolution: {integrity: sha1-ZPYeQsu7LuwgcanawLKLoeZdUIQ=, tarball: is-glob/download/is-glob-4.0.3.tgz}
    engines: {node: '>=0.10.0'}
    dependencies:
      is-extglob: 2.1.1
    dev: false

  /is-number/3.0.0:
    resolution: {integrity: sha1-JP1iAaR4LPUFYcgQJ2r8fRLXEZU=, tarball: is-number/download/is-number-3.0.0.tgz}
    engines: {node: '>=0.10.0'}
    dependencies:
      kind-of: 3.2.2
    dev: false

  /is-number/7.0.0:
    resolution: {integrity: sha1-dTU0W4lnNNX4DE0GxQlVUnoU8Ss=, tarball: is-number/download/is-number-7.0.0.tgz}
    engines: {node: '>=0.12.0'}
    dev: false

  /is-plain-obj/3.0.0:
    resolution: {integrity: sha1-r28uoUrFpkYYOlu9tbqrvBVq2dc=, tarball: is-plain-obj/download/is-plain-obj-3.0.0.tgz}
    engines: {node: '>=10'}
    dev: false

  /is-plain-object/2.0.4:
    resolution: {integrity: sha1-LBY7P6+xtgbZ0Xko8FwqHDjgdnc=, tarball: is-plain-object/download/is-plain-object-2.0.4.tgz}
    engines: {node: '>=0.10.0'}
    dependencies:
      isobject: 3.0.1
    dev: false

  /is-windows/1.0.2:
    resolution: {integrity: sha1-0YUOuXkezRjmGCzhKjDzlmNLsZ0=, tarball: is-windows/download/is-windows-1.0.2.tgz}
    engines: {node: '>=0.10.0'}
    dev: false

  /isarray/1.0.0:
    resolution: {integrity: sha1-u5NdSFgsuhaMBoNJV6VKPgcSTxE=, tarball: isarray/download/isarray-1.0.0.tgz}
    dev: false

  /isobject/2.1.0:
    resolution: {integrity: sha1-8GVWEJaj8dou9GJy+BXIQNh+DIk=, tarball: isobject/download/isobject-2.1.0.tgz}
    engines: {node: '>=0.10.0'}
    dependencies:
      isarray: 1.0.0
    dev: false

  /isobject/3.0.1:
    resolution: {integrity: sha1-TkMekrEalzFjaqH5yNHMvP2reN8=, tarball: isobject/download/isobject-3.0.1.tgz}
    engines: {node: '>=0.10.0'}
    dev: false

  /kind-of/3.2.2:
    resolution: {integrity: sha1-MeohpzS6ubuw8yRm2JOupR5KPGQ=, tarball: kind-of/download/kind-of-3.2.2.tgz}
    engines: {node: '>=0.10.0'}
    dependencies:
      is-buffer: 1.1.6
    dev: false

  /kind-of/4.0.0:
    resolution: {integrity: sha1-IIE989cSkosgc3hpGkUGb65y3Vc=, tarball: kind-of/download/kind-of-4.0.0.tgz}
    engines: {node: '>=0.10.0'}
    dependencies:
      is-buffer: 1.1.6
    dev: false

  /kind-of/5.1.0:
    resolution: {integrity: sha1-cpyR4thXt6QZofmqZWhcTDP1hF0=, tarball: kind-of/download/kind-of-5.1.0.tgz}
    engines: {node: '>=0.10.0'}
    dev: false

  /kind-of/6.0.3:
    resolution: {integrity: sha1-B8BQNKbDSfoG4k+jWqdttFgM5N0=, tarball: kind-of/download/kind-of-6.0.3.tgz}
    engines: {node: '>=0.10.0'}
    dev: false

  /map-cache/0.2.2:
    resolution: {integrity: sha1-wyq9C9ZSXZsFFkW7TyasXcmKDb8=, tarball: map-cache/download/map-cache-0.2.2.tgz}
    engines: {node: '>=0.10.0'}
    dev: false

  /map-visit/1.0.0:
    resolution: {integrity: sha1-7Nyo8TFE5mDxtb1B8S80edmN+48=, tarball: map-visit/download/map-visit-1.0.0.tgz}
    engines: {node: '>=0.10.0'}
    dependencies:
      object-visit: 1.0.1
    dev: false

  /media-typer/0.3.0:
    resolution: {integrity: sha1-hxDXrwqmJvj/+hzgAWhUUmMlV0g=, tarball: media-typer/download/media-typer-0.3.0.tgz}
    engines: {node: '>= 0.6'}
    dev: true

  /merge-descriptors/1.0.1:
    resolution: {integrity: sha1-sAqqVW3YtEVoFQ7J0blT8/kMu2E=, tarball: merge-descriptors/download/merge-descriptors-1.0.1.tgz}
    dev: true

  /methods/1.1.2:
    resolution: {integrity: sha1-VSmk1nZUE07cxSZmVoNbD4Ua/O4=, tarball: methods/download/methods-1.1.2.tgz}
    engines: {node: '>= 0.6'}
    dev: true

  /micromatch/3.1.10:
    resolution: {integrity: sha1-cIWbyVyYQJUvNZoGij/En57PrCM=, tarball: micromatch/download/micromatch-3.1.10.tgz?cache=0&sync_timestamp=1632822666893&other_urls=https%3A%2F%2Fregistry.npmmirror.com%2Fmicromatch%2Fdownload%2Fmicromatch-3.1.10.tgz}
    engines: {node: '>=0.10.0'}
    dependencies:
      arr-diff: 4.0.0
      array-unique: 0.3.2
      braces: 2.3.2
      define-property: 2.0.2
      extend-shallow: 3.0.2
      extglob: 2.0.4
      fragment-cache: 0.2.1
      kind-of: 6.0.3
      nanomatch: 1.2.13
      object.pick: 1.3.0
      regex-not: 1.0.2
      snapdragon: 0.8.2
      to-regex: 3.0.2
    dev: false

  /micromatch/4.0.4:
    resolution: {integrity: sha1-iW1Rnf6dsl/OlM63pQCRm/iB6/k=, tarball: micromatch/download/micromatch-4.0.4.tgz}
    engines: {node: '>=8.6'}
    dependencies:
      braces: 3.0.2
      picomatch: 2.3.0
    dev: false

  /mime-db/1.51.0:
    resolution: {integrity: sha512-5y8A56jg7XVQx2mbv1lu49NR4dokRnhZYTtL+KGfaa27uq4pSTXkwQkFJl4pkRMyNFz/EtYDSkiiEHx3F7UN6g==, tarball: mime-db/download/mime-db-1.51.0.tgz}
    engines: {node: '>= 0.6'}
    dev: true

  /mime-types/2.1.34:
    resolution: {integrity: sha512-6cP692WwGIs9XXdOO4++N+7qjqv0rqxxVvJ3VHPh/Sc9mVZcQP+ZGhkKiTvWMQRr2tbHkJP/Yn7Y0npb3ZBs4A==, tarball: mime-types/download/mime-types-2.1.34.tgz}
    engines: {node: '>= 0.6'}
    dependencies:
      mime-db: 1.51.0
    dev: true

  /mime/1.6.0:
    resolution: {integrity: sha1-Ms2eXGRVO9WNGaVor0Uqz/BJgbE=, tarball: mime/download/mime-1.6.0.tgz}
    engines: {node: '>=4'}
    hasBin: true
    dev: true

  /mixin-deep/1.3.2:
    resolution: {integrity: sha1-ESC0PcNZp4Xc5ltVuC4lfM9HlWY=, tarball: mixin-deep/download/mixin-deep-1.3.2.tgz}
    engines: {node: '>=0.10.0'}
    dependencies:
      for-in: 1.0.2
      is-extendable: 1.0.1
    dev: false

  /ms/2.0.0:
    resolution: {integrity: sha1-VgiurfwAvmwpAd9fmGF4jeDVl8g=, tarball: ms/download/ms-2.0.0.tgz}

  /ms/2.1.3:
    resolution: {integrity: sha1-V0yBOM4dK1hh8LRFedut1gxmFbI=, tarball: ms/download/ms-2.1.3.tgz}
    dev: true

  /nan/2.15.0:
    resolution: {integrity: sha1-PzSkc/8Y4VwbVia2KQO1rW5mX+4=, tarball: nan/download/nan-2.15.0.tgz}
    requiresBuild: true
    dev: false
    optional: true

  /nanomatch/1.2.13:
    resolution: {integrity: sha1-uHqKpPwN6P5r6IiVs4mD/yZb0Rk=, tarball: nanomatch/download/nanomatch-1.2.13.tgz}
    engines: {node: '>=0.10.0'}
    dependencies:
      arr-diff: 4.0.0
      array-unique: 0.3.2
      define-property: 2.0.2
      extend-shallow: 3.0.2
      fragment-cache: 0.2.1
      is-windows: 1.0.2
      kind-of: 6.0.3
      object.pick: 1.3.0
      regex-not: 1.0.2
      snapdragon: 0.8.2
      to-regex: 3.0.2
    dev: false

  /negotiator/0.6.2:
    resolution: {integrity: sha1-/qz3zPUlp3rpY0Q2pkiD/+yjRvs=, tarball: negotiator/download/negotiator-0.6.2.tgz}
    engines: {node: '>= 0.6'}
    dev: true

  /normalize-path/2.1.1:
    resolution: {integrity: sha1-GrKLVW4Zg2Oowab35vogE3/mrtk=, tarball: normalize-path/download/normalize-path-2.1.1.tgz}
    engines: {node: '>=0.10.0'}
    dependencies:
      remove-trailing-separator: 1.1.0
    dev: false

  /normalize-path/3.0.0:
    resolution: {integrity: sha1-Dc1p/yOhybEf0JeDFmRKA4ghamU=, tarball: normalize-path/download/normalize-path-3.0.0.tgz}
    engines: {node: '>=0.10.0'}
    dev: false

  /object-copy/0.1.0:
    resolution: {integrity: sha1-fn2Fi3gb18mRpBupde04EnVOmYw=, tarball: object-copy/download/object-copy-0.1.0.tgz}
    engines: {node: '>=0.10.0'}
    dependencies:
      copy-descriptor: 0.1.1
      define-property: 0.2.5
      kind-of: 3.2.2
    dev: false

  /object-visit/1.0.1:
    resolution: {integrity: sha1-95xEk68MU3e1n+OdOV5BBC3QRbs=, tarball: object-visit/download/object-visit-1.0.1.tgz}
    engines: {node: '>=0.10.0'}
    dependencies:
      isobject: 3.0.1
    dev: false

  /object.pick/1.3.0:
    resolution: {integrity: sha1-h6EKxMFpS9Lhy/U1kaZhQftd10c=, tarball: object.pick/download/object.pick-1.3.0.tgz}
    engines: {node: '>=0.10.0'}
    dependencies:
      isobject: 3.0.1
    dev: false

  /on-finished/2.3.0:
    resolution: {integrity: sha1-IPEzZIGwg811M3mSoWlxqi2QaUc=, tarball: on-finished/download/on-finished-2.3.0.tgz}
    engines: {node: '>= 0.8'}
    dependencies:
      ee-first: 1.1.1
    dev: true

  /parseurl/1.3.3:
    resolution: {integrity: sha1-naGee+6NEt/wUT7Vt2lXeTvC6NQ=, tarball: parseurl/download/parseurl-1.3.3.tgz}
    engines: {node: '>= 0.8'}
    dev: true

  /pascalcase/0.1.1:
    resolution: {integrity: sha1-s2PlXoAGym/iF4TS2yK9FdeRfxQ=, tarball: pascalcase/download/pascalcase-0.1.1.tgz}
    engines: {node: '>=0.10.0'}
    dev: false

  /path-dirname/1.0.2:
    resolution: {integrity: sha1-zDPSTVJeCZpTiMAzbG4yuRYGCeA=, tarball: path-dirname/download/path-dirname-1.0.2.tgz}
    dev: false

  /path-is-absolute/1.0.1:
    resolution: {integrity: sha1-F0uSaHNVNP+8es5r9TpanhtcX18=, tarball: path-is-absolute/download/path-is-absolute-1.0.1.tgz}
    engines: {node: '>=0.10.0'}
    dev: false

  /path-to-regexp/0.1.7:
    resolution: {integrity: sha1-32BBeABfUi8V60SQ5yR6G/qmf4w=, tarball: path-to-regexp/download/path-to-regexp-0.1.7.tgz}
    dev: true

  /picomatch/2.3.0:
    resolution: {integrity: sha1-8fBh3o9qS/AiiS4tEoI0+5gwKXI=, tarball: picomatch/download/picomatch-2.3.0.tgz}
    engines: {node: '>=8.6'}
    dev: false

  /posix-character-classes/0.1.1:
    resolution: {integrity: sha1-AerA/jta9xoqbAL+q7jB/vfgDqs=, tarball: posix-character-classes/download/posix-character-classes-0.1.1.tgz}
    engines: {node: '>=0.10.0'}
    dev: false

  /process-nextick-args/2.0.1:
    resolution: {integrity: sha1-eCDZsWEgzFXKmud5JoCufbptf+I=, tarball: process-nextick-args/download/process-nextick-args-2.0.1.tgz}
    dev: false

  /proxy-addr/2.0.7:
    resolution: {integrity: sha1-8Z/mnOqzEe65S0LnDowgcPm6ECU=, tarball: proxy-addr/download/proxy-addr-2.0.7.tgz}
    engines: {node: '>= 0.10'}
    dependencies:
      forwarded: 0.2.0
      ipaddr.js: 1.9.1
    dev: true

  /qs/6.9.6:
    resolution: {integrity: sha512-TIRk4aqYLNoJUbd+g2lEdz5kLWIuTMRagAXxl78Q0RiVjAOugHmeKNGdd3cwo/ktpf9aL9epCfFqWDEKysUlLQ==, tarball: qs/download/qs-6.9.6.tgz}
    engines: {node: '>=0.6'}
    dev: true

  /range-parser/1.2.1:
    resolution: {integrity: sha1-PPNwI9GZ4cJNGlW4SADC8+ZGgDE=, tarball: range-parser/download/range-parser-1.2.1.tgz}
    engines: {node: '>= 0.6'}
    dev: true

  /raw-body/2.4.2:
    resolution: {integrity: sha512-RPMAFUJP19WIet/99ngh6Iv8fzAbqum4Li7AD6DtGaW2RpMB/11xDoalPiJMTbu6I3hkbMVkATvZrqb9EEqeeQ==, tarball: raw-body/download/raw-body-2.4.2.tgz}
    engines: {node: '>= 0.8'}
    dependencies:
      bytes: 3.1.1
      http-errors: 1.8.1
      iconv-lite: 0.4.24
      unpipe: 1.0.0
    dev: true

  /readable-stream/2.3.7:
    resolution: {integrity: sha1-Hsoc9xGu+BTAT2IlKjamL2yyO1c=, tarball: readable-stream/download/readable-stream-2.3.7.tgz}
    dependencies:
      core-util-is: 1.0.3
      inherits: 2.0.4
      isarray: 1.0.0
      process-nextick-args: 2.0.1
      safe-buffer: 5.1.2
      string_decoder: 1.1.1
      util-deprecate: 1.0.2
    dev: false

  /readdirp/2.2.1:
    resolution: {integrity: sha1-DodiKjMlqjPokihcr4tOhGUppSU=, tarball: readdirp/download/readdirp-2.2.1.tgz}
    engines: {node: '>=0.10'}
    dependencies:
      graceful-fs: 4.2.8
      micromatch: 3.1.10
      readable-stream: 2.3.7
    dev: false

  /regex-not/1.0.2:
    resolution: {integrity: sha1-H07OJ+ALC2XgJHpoEOaoXYOldSw=, tarball: regex-not/download/regex-not-1.0.2.tgz}
    engines: {node: '>=0.10.0'}
    dependencies:
      extend-shallow: 3.0.2
      safe-regex: 1.1.0
    dev: false

  /remove-trailing-separator/1.1.0:
    resolution: {integrity: sha1-wkvOKig62tW8P1jg1IJJuSN52O8=, tarball: remove-trailing-separator/download/remove-trailing-separator-1.1.0.tgz}
    dev: false

  /repeat-element/1.1.4:
    resolution: {integrity: sha1-vmgVIIR6tYx1aKx1+/rSjtQtOek=, tarball: repeat-element/download/repeat-element-1.1.4.tgz}
    engines: {node: '>=0.10.0'}
    dev: false

  /repeat-string/1.6.1:
    resolution: {integrity: sha1-jcrkcOHIirwtYA//Sndihtp15jc=, tarball: repeat-string/download/repeat-string-1.6.1.tgz}
    engines: {node: '>=0.10'}
    dev: false

  /requires-port/1.0.0:
    resolution: {integrity: sha1-kl0mAdOaxIXgkc8NpcbmlNw9yv8=, tarball: requires-port/download/requires-port-1.0.0.tgz}
    dev: false

  /resolve-url/0.2.1:
    resolution: {integrity: sha1-LGN/53yJOv0qZj/iGqkIAGjiBSo=, tarball: resolve-url/download/resolve-url-0.2.1.tgz}
    deprecated: https://github.com/lydell/resolve-url#deprecated
    dev: false

  /ret/0.1.15:
    resolution: {integrity: sha1-uKSCXVvbH8P29Twrwz+BOIaBx7w=, tarball: ret/download/ret-0.1.15.tgz}
    engines: {node: '>=0.12'}
    dev: false

  /safe-buffer/5.1.2:
    resolution: {integrity: sha1-mR7GnSluAxN0fVm9/St0XDX4go0=, tarball: safe-buffer/download/safe-buffer-5.1.2.tgz}
    dev: false

  /safe-buffer/5.2.1:
    resolution: {integrity: sha1-Hq+fqb2x/dTsdfWPnNtOa3gn7sY=, tarball: safe-buffer/download/safe-buffer-5.2.1.tgz}
    dev: true

  /safe-regex/1.1.0:
    resolution: {integrity: sha1-QKNmnzsHfR6UPURinhV91IAjvy4=, tarball: safe-regex/download/safe-regex-1.1.0.tgz}
    dependencies:
      ret: 0.1.15
    dev: false

  /safer-buffer/2.1.2:
    resolution: {integrity: sha1-RPoWGwGHuVSd2Eu5GAL5vYOFzWo=, tarball: safer-buffer/download/safer-buffer-2.1.2.tgz}
    dev: true

  /send/0.17.2:
    resolution: {integrity: sha512-UJYB6wFSJE3G00nEivR5rgWp8c2xXvJ3OPWPhmuteU0IKj8nKbG3DrjiOmLwpnHGYWAVwA69zmTm++YG0Hmwww==, tarball: send/download/send-0.17.2.tgz}
    engines: {node: '>= 0.8.0'}
    dependencies:
      debug: 2.6.9
      depd: 1.1.2
      destroy: 1.0.4
      encodeurl: 1.0.2
      escape-html: 1.0.3
      etag: 1.8.1
      fresh: 0.5.2
      http-errors: 1.8.1
      mime: 1.6.0
      ms: 2.1.3
      on-finished: 2.3.0
      range-parser: 1.2.1
      statuses: 1.5.0
    dev: true

  /serve-static/1.14.2:
    resolution: {integrity: sha512-+TMNA9AFxUEGuC0z2mevogSnn9MXKb4fa7ngeRMJaaGv8vTwnIEkKi+QGvPt33HSnf8pRS+WGM0EbMtCJLKMBQ==, tarball: serve-static/download/serve-static-1.14.2.tgz}
    engines: {node: '>= 0.8.0'}
    dependencies:
      encodeurl: 1.0.2
      escape-html: 1.0.3
      parseurl: 1.3.3
      send: 0.17.2
    dev: true

  /set-value/2.0.1:
    resolution: {integrity: sha1-oY1AUw5vB95CKMfe/kInr4ytAFs=, tarball: set-value/download/set-value-2.0.1.tgz}
    engines: {node: '>=0.10.0'}
    dependencies:
      extend-shallow: 2.0.1
      is-extendable: 0.1.1
      is-plain-object: 2.0.4
      split-string: 3.1.0
    dev: false

  /setprototypeof/1.2.0:
    resolution: {integrity: sha1-ZsmiSnP5/CjL5msJ/tPTPcrxtCQ=, tarball: setprototypeof/download/setprototypeof-1.2.0.tgz}
    dev: true

  /snapdragon-node/2.1.1:
    resolution: {integrity: sha1-bBdfhv8UvbByRWPo88GwIaKGhTs=, tarball: snapdragon-node/download/snapdragon-node-2.1.1.tgz}
    engines: {node: '>=0.10.0'}
    dependencies:
      define-property: 1.0.0
      isobject: 3.0.1
      snapdragon-util: 3.0.1
    dev: false

  /snapdragon-util/3.0.1:
    resolution: {integrity: sha1-+VZHlIbyrNeXAGk/b3uAXkWrVuI=, tarball: snapdragon-util/download/snapdragon-util-3.0.1.tgz}
    engines: {node: '>=0.10.0'}
    dependencies:
      kind-of: 3.2.2
    dev: false

  /snapdragon/0.8.2:
    resolution: {integrity: sha1-ZJIufFZbDhQgS6GqfWlkJ40lGC0=, tarball: snapdragon/download/snapdragon-0.8.2.tgz}
    engines: {node: '>=0.10.0'}
    dependencies:
      base: 0.11.2
      debug: 2.6.9
      define-property: 0.2.5
      extend-shallow: 2.0.1
      map-cache: 0.2.2
      source-map: 0.5.7
      source-map-resolve: 0.5.3
      use: 3.1.1
    dev: false

  /source-map-resolve/0.5.3:
    resolution: {integrity: sha1-GQhmvs51U+H48mei7oLGBrVQmho=, tarball: source-map-resolve/download/source-map-resolve-0.5.3.tgz}
    dependencies:
      atob: 2.1.2
      decode-uri-component: 0.2.0
      resolve-url: 0.2.1
      source-map-url: 0.4.1
      urix: 0.1.0
    dev: false

  /source-map-url/0.4.1:
    resolution: {integrity: sha1-CvZmBadFpaL5HPG7+KevvCg97FY=, tarball: source-map-url/download/source-map-url-0.4.1.tgz}
    dev: false

  /source-map/0.5.7:
    resolution: {integrity: sha1-igOdLRAh0i0eoUyA2OpGi6LvP8w=, tarball: source-map/download/source-map-0.5.7.tgz}
    engines: {node: '>=0.10.0'}
    dev: false

  /split-string/3.1.0:
    resolution: {integrity: sha1-fLCd2jqGWFcFxks5pkZgOGguj+I=, tarball: split-string/download/split-string-3.1.0.tgz}
    engines: {node: '>=0.10.0'}
    dependencies:
      extend-shallow: 3.0.2
    dev: false

  /static-extend/0.1.2:
    resolution: {integrity: sha1-YICcOcv/VTNyJv1eC1IPNB8ftcY=, tarball: static-extend/download/static-extend-0.1.2.tgz}
    engines: {node: '>=0.10.0'}
    dependencies:
      define-property: 0.2.5
      object-copy: 0.1.0
    dev: false

  /statuses/1.5.0:
    resolution: {integrity: sha1-Fhx9rBd2Wf2YEfQ3cfqZOBR4Yow=, tarball: statuses/download/statuses-1.5.0.tgz}
    engines: {node: '>= 0.6'}
    dev: true

  /string_decoder/1.1.1:
    resolution: {integrity: sha1-nPFhG6YmhdcDCunkujQUnDrwP8g=, tarball: string_decoder/download/string_decoder-1.1.1.tgz}
    dependencies:
      safe-buffer: 5.1.2
    dev: false

  /supports-color/7.2.0:
    resolution: {integrity: sha1-G33NyzK4E4gBs+R4umpRyqiWSNo=, tarball: supports-color/download/supports-color-7.2.0.tgz}
    engines: {node: '>=8'}
    dependencies:
      has-flag: 4.0.0
    dev: false

  /to-object-path/0.3.0:
    resolution: {integrity: sha1-KXWIt7Dn4KwI4E5nL4XB9JmeF68=, tarball: to-object-path/download/to-object-path-0.3.0.tgz}
    engines: {node: '>=0.10.0'}
    dependencies:
      kind-of: 3.2.2
    dev: false

  /to-regex-range/2.1.1:
    resolution: {integrity: sha1-fIDBe53+vlmeJzZ+DU3VWQFB2zg=, tarball: to-regex-range/download/to-regex-range-2.1.1.tgz}
    engines: {node: '>=0.10.0'}
    dependencies:
      is-number: 3.0.0
      repeat-string: 1.6.1
    dev: false

  /to-regex-range/5.0.1:
    resolution: {integrity: sha1-FkjESq58jZiKMmAY7XL1tN0DkuQ=, tarball: to-regex-range/download/to-regex-range-5.0.1.tgz}
    engines: {node: '>=8.0'}
    dependencies:
      is-number: 7.0.0
    dev: false

  /to-regex/3.0.2:
    resolution: {integrity: sha1-E8/dmzNlUvMLUfM6iuG0Knp1mc4=, tarball: to-regex/download/to-regex-3.0.2.tgz}
    engines: {node: '>=0.10.0'}
    dependencies:
      define-property: 2.0.2
      extend-shallow: 3.0.2
      regex-not: 1.0.2
      safe-regex: 1.1.0
    dev: false

  /toidentifier/1.0.1:
    resolution: {integrity: sha512-o5sSPKEkg/DIQNmH43V0/uerLrpzVedkUh8tGNvaeXpfpuwjKenlSox/2O/BTlZUtEe+JG7s5YhEz608PlAHRA==, tarball: toidentifier/download/toidentifier-1.0.1.tgz?cache=0&sync_timestamp=1636943523553&other_urls=https%3A%2F%2Fregistry.npmmirror.com%2Ftoidentifier%2Fdownload%2Ftoidentifier-1.0.1.tgz}
    engines: {node: '>=0.6'}
    dev: true

  /type-is/1.6.18:
    resolution: {integrity: sha1-TlUs0F3wlGfcvE73Od6J8s83wTE=, tarball: type-is/download/type-is-1.6.18.tgz}
    engines: {node: '>= 0.6'}
    dependencies:
      media-typer: 0.3.0
      mime-types: 2.1.34
    dev: true

  /typescript/4.5.4:
    resolution: {integrity: sha512-VgYs2A2QIRuGphtzFV7aQJduJ2gyfTljngLzjpfW9FoYZF6xuw1W0vW9ghCKLfcWrCFxK81CSGRAvS1pn4fIUg==, tarball: typescript/download/typescript-4.5.4.tgz}
    engines: {node: '>=4.2.0'}
    hasBin: true
    dev: true

  /union-value/1.0.1:
    resolution: {integrity: sha1-C2/nuDWuzaYcbqTU8CwUIh4QmEc=, tarball: union-value/download/union-value-1.0.1.tgz}
    engines: {node: '>=0.10.0'}
    dependencies:
      arr-union: 3.1.0
      get-value: 2.0.6
      is-extendable: 0.1.1
      set-value: 2.0.1
    dev: false

  /unpipe/1.0.0:
    resolution: {integrity: sha1-sr9O6FFKrmFltIF4KdIbLvSZBOw=, tarball: unpipe/download/unpipe-1.0.0.tgz}
    engines: {node: '>= 0.8'}
    dev: true

  /unset-value/1.0.0:
    resolution: {integrity: sha1-g3aHP30jNRef+x5vw6jtDfyKtVk=, tarball: unset-value/download/unset-value-1.0.0.tgz}
    engines: {node: '>=0.10.0'}
    dependencies:
      has-value: 0.3.1
      isobject: 3.0.1
    dev: false

  /upath/1.2.0:
    resolution: {integrity: sha1-j2bbzVWog6za5ECK+LA1pQRMGJQ=, tarball: upath/download/upath-1.2.0.tgz}
    engines: {node: '>=4'}
    dev: false

  /urix/0.1.0:
    resolution: {integrity: sha1-2pN/emLiH+wf0Y1Js1wpNQZ6bHI=, tarball: urix/download/urix-0.1.0.tgz}
    deprecated: Please see https://github.com/lydell/urix#deprecated
    dev: false

  /use/3.1.1:
    resolution: {integrity: sha1-1QyMrHmhn7wg8pEfVuuXP04QBw8=, tarball: use/download/use-3.1.1.tgz}
    engines: {node: '>=0.10.0'}
    dev: false

  /util-deprecate/1.0.2:
    resolution: {integrity: sha1-RQ1Nyfpw3nMnYvvS1KKJgUGaDM8=, tarball: util-deprecate/download/util-deprecate-1.0.2.tgz}
    dev: false

  /utils-merge/1.0.1:
    resolution: {integrity: sha1-n5VxD1CiZ5R7LMwSR0HBAoQn5xM=, tarball: utils-merge/download/utils-merge-1.0.1.tgz}
    engines: {node: '>= 0.4.0'}
    dev: true

  /vary/1.1.2:
    resolution: {integrity: sha1-IpnwLG3tMNSllhsLn3RSShj2NPw=, tarball: vary/download/vary-1.1.2.tgz}
    engines: {node: '>= 0.8'}
    dev: true
